
Microsoft Visual Studio Solution File, Format Version 12.00
# Visual Studio Version 17
VisualStudioVersion = 17.9.34607.119
MinimumVisualStudioVersion = 10.0.40219.1
Project("{9A19103F-16F7-4668-BE54-9A1E7A4F7556}") = "PresentationModel", "PresentationModel\PresentationModel.csproj", "{2DB7497B-ADA7-4D3D-A7AD-4ABC8C43ED08}"
	ProjectSection(ProjectDependencies) = postProject
		{1EACC193-3C2A-4F23-832A-8C3ED5E23614} = {1EACC193-3C2A-4F23-832A-8C3ED5E23614}
		{85C4DC34-A9D2-4EFC-BC86-5A6C4A04AFE1} = {85C4DC34-A9D2-4EFC-BC86-5A6C4A04AFE1}
	EndProjectSection
EndProject
Project("{2150E333-8FDC-42A3-9474-1A3956D46DE8}") = "Arithmetic", "Arithmetic", "{F2C01D35-3BAC-48DD-BD7D-4047BFC6C56B}"
EndProject
Project("{2150E333-8FDC-42A3-9474-1A3956D46DE8}") = "Common", "Common", "{F7E44B90-6F02-408E-8A5D-0A0753E27575}"
EndProject
Project("{2150E333-8FDC-42A3-9474-1A3956D46DE8}") = "StartUp", "StartUp", "{9084D9AD-F53D-46BE-86CD-0800429165B4}"
EndProject
Project("{9A19103F-16F7-4668-BE54-9A1E7A4F7556}") = "Main", "Main\Main.csproj", "{006CB25F-8FC5-4D9F-BE8F-B145434325B5}"
	ProjectSection(ProjectDependencies) = postProject
		{1EACC193-3C2A-4F23-832A-8C3ED5E23614} = {1EACC193-3C2A-4F23-832A-8C3ED5E23614}
		{A2DAFBF1-2030-47E8-9565-BA37D98A7323} = {A2DAFBF1-2030-47E8-9565-BA37D98A7323}
	EndProjectSection
EndProject
Project("{9A19103F-16F7-4668-BE54-9A1E7A4F7556}") = "CommonView", "CommonView\CommonView.csproj", "{76B77BFA-E76C-4831-9C3E-F84796B5C48F}"
EndProject
Project("{9A19103F-16F7-4668-BE54-9A1E7A4F7556}") = "ArithmeticView", "ArithmeticView\ArithmeticView.csproj", "{A2DAFBF1-2030-47E8-9565-BA37D98A7323}"
	ProjectSection(ProjectDependencies) = postProject
		{1EACC193-3C2A-4F23-832A-8C3ED5E23614} = {1EACC193-3C2A-4F23-832A-8C3ED5E23614}
		{2DB7497B-ADA7-4D3D-A7AD-4ABC8C43ED08} = {2DB7497B-ADA7-4D3D-A7AD-4ABC8C43ED08}
		{76B77BFA-E76C-4831-9C3E-F84796B5C48F} = {76B77BFA-E76C-4831-9C3E-F84796B5C48F}
	EndProjectSection
EndProject
Project("{9A19103F-16F7-4668-BE54-9A1E7A4F7556}") = "CommonPresentationModel", "CommonPresentationModel\CommonPresentationModel.csproj", "{1EACC193-3C2A-4F23-832A-8C3ED5E23614}"
EndProject
Project("{9A19103F-16F7-4668-BE54-9A1E7A4F7556}") = "Interactor", "Interactor\Interactor.csproj", "{85C4DC34-A9D2-4EFC-BC86-5A6C4A04AFE1}"
EndProject
Global
	GlobalSection(SolutionConfigurationPlatforms) = preSolution
		Debug|Any CPU = Debug|Any CPU
		Release|Any CPU = Release|Any CPU
	EndGlobalSection
	GlobalSection(ProjectConfigurationPlatforms) = postSolution
		{2DB7497B-ADA7-4D3D-A7AD-4ABC8C43ED08}.Debug|Any CPU.ActiveCfg = Debug|Any CPU
		{2DB7497B-ADA7-4D3D-A7AD-4ABC8C43ED08}.Debug|Any CPU.Build.0 = Debug|Any CPU
		{2DB7497B-ADA7-4D3D-A7AD-4ABC8C43ED08}.Release|Any CPU.ActiveCfg = Release|Any CPU
		{2DB7497B-ADA7-4D3D-A7AD-4ABC8C43ED08}.Release|Any CPU.Build.0 = Release|Any CPU
		{006CB25F-8FC5-4D9F-BE8F-B145434325B5}.Debug|Any CPU.ActiveCfg = Debug|Any CPU
		{006CB25F-8FC5-4D9F-BE8F-B145434325B5}.Debug|Any CPU.Build.0 = Debug|Any CPU
		{006CB25F-8FC5-4D9F-BE8F-B145434325B5}.Debug|Any CPU.Deploy.0 = Debug|Any CPU
		{006CB25F-8FC5-4D9F-BE8F-B145434325B5}.Release|Any CPU.ActiveCfg = Release|Any CPU
		{006CB25F-8FC5-4D9F-BE8F-B145434325B5}.Release|Any CPU.Build.0 = Release|Any CPU
		{006CB25F-8FC5-4D9F-BE8F-B145434325B5}.Release|Any CPU.Deploy.0 = Release|Any CPU
		{76B77BFA-E76C-4831-9C3E-F84796B5C48F}.Debug|Any CPU.ActiveCfg = Debug|Any CPU
		{76B77BFA-E76C-4831-9C3E-F84796B5C48F}.Debug|Any CPU.Build.0 = Debug|Any CPU
		{76B77BFA-E76C-4831-9C3E-F84796B5C48F}.Release|Any CPU.ActiveCfg = Release|Any CPU
		{76B77BFA-E76C-4831-9C3E-F84796B5C48F}.Release|Any CPU.Build.0 = Release|Any CPU
		{A2DAFBF1-2030-47E8-9565-BA37D98A7323}.Debug|Any CPU.ActiveCfg = Debug|Any CPU
		{A2DAFBF1-2030-47E8-9565-BA37D98A7323}.Debug|Any CPU.Build.0 = Debug|Any CPU
		{A2DAFBF1-2030-47E8-9565-BA37D98A7323}.Release|Any CPU.ActiveCfg = Release|Any CPU
		{A2DAFBF1-2030-47E8-9565-BA37D98A7323}.Release|Any CPU.Build.0 = Release|Any CPU
		{1EACC193-3C2A-4F23-832A-8C3ED5E23614}.Debug|Any CPU.ActiveCfg = Debug|Any CPU
		{1EACC193-3C2A-4F23-832A-8C3ED5E23614}.Debug|Any CPU.Build.0 = Debug|Any CPU
		{1EACC193-3C2A-4F23-832A-8C3ED5E23614}.Release|Any CPU.ActiveCfg = Release|Any CPU
		{1EACC193-3C2A-4F23-832A-8C3ED5E23614}.Release|Any CPU.Build.0 = Release|Any CPU
		{85C4DC34-A9D2-4EFC-BC86-5A6C4A04AFE1}.Debug|Any CPU.ActiveCfg = Debug|Any CPU
		{85C4DC34-A9D2-4EFC-BC86-5A6C4A04AFE1}.Debug|Any CPU.Build.0 = Debug|Any CPU
		{85C4DC34-A9D2-4EFC-BC86-5A6C4A04AFE1}.Release|Any CPU.ActiveCfg = Release|Any CPU
		{85C4DC34-A9D2-4EFC-BC86-5A6C4A04AFE1}.Release|Any CPU.Build.0 = Release|Any CPU
	EndGlobalSection
	GlobalSection(SolutionProperties) = preSolution
		HideSolutionNode = FALSE
	EndGlobalSection
	GlobalSection(NestedProjects) = preSolution
		{2DB7497B-ADA7-4D3D-A7AD-4ABC8C43ED08} = {F2C01D35-3BAC-48DD-BD7D-4047BFC6C56B}
		{006CB25F-8FC5-4D9F-BE8F-B145434325B5} = {9084D9AD-F53D-46BE-86CD-0800429165B4}
		{76B77BFA-E76C-4831-9C3E-F84796B5C48F} = {F7E44B90-6F02-408E-8A5D-0A0753E27575}
		{A2DAFBF1-2030-47E8-9565-BA37D98A7323} = {F2C01D35-3BAC-48DD-BD7D-4047BFC6C56B}
		{1EACC193-3C2A-4F23-832A-8C3ED5E23614} = {F7E44B90-6F02-408E-8A5D-0A0753E27575}
		{85C4DC34-A9D2-4EFC-BC86-5A6C4A04AFE1} = {F2C01D35-3BAC-48DD-BD7D-4047BFC6C56B}
	EndGlobalSection
	GlobalSection(ExtensibilityGlobals) = postSolution
		SolutionGuid = {392A9396-7A0E-437E-84A9-6328CDD75F92}
	EndGlobalSection
EndGlobal
