
Microsoft Visual Studio Solution File, Format Version 12.00
# Visual Studio Version 17
VisualStudioVersion = 17.9.34607.119
MinimumVisualStudioVersion = 10.0.40219.1
Project("{9A19103F-16F7-4668-BE54-9A1E7A4F7556}") = "View", "FlashMentalArithmetic\View.csproj", "{6A5D61D3-C6AA-4395-9D03-270632092533}"
EndProject
Project("{9A19103F-16F7-4668-BE54-9A1E7A4F7556}") = "Interactor", "DomainLayer\Interactor.csproj", "{237F6F9F-9F2F-4D4B-BC66-8E6D884CC796}"
EndProject
Project("{9A19103F-16F7-4668-BE54-9A1E7A4F7556}") = "PresentationModel", "PresentationModel\PresentationModel.csproj", "{2DB7497B-ADA7-4D3D-A7AD-4ABC8C43ED08}"
EndProject
Global
	GlobalSection(SolutionConfigurationPlatforms) = preSolution
		Debug|Any CPU = Debug|Any CPU
		Release|Any CPU = Release|Any CPU
	EndGlobalSection
	GlobalSection(ProjectConfigurationPlatforms) = postSolution
		{6A5D61D3-C6AA-4395-9D03-270632092533}.Debug|Any CPU.ActiveCfg = Debug|Any CPU
		{6A5D61D3-C6AA-4395-9D03-270632092533}.Debug|Any CPU.Build.0 = Debug|Any CPU
		{6A5D61D3-C6AA-4395-9D03-270632092533}.Debug|Any CPU.Deploy.0 = Debug|Any CPU
		{6A5D61D3-C6AA-4395-9D03-270632092533}.Release|Any CPU.ActiveCfg = Release|Any CPU
		{6A5D61D3-C6AA-4395-9D03-270632092533}.Release|Any CPU.Build.0 = Release|Any CPU
		{6A5D61D3-C6AA-4395-9D03-270632092533}.Release|Any CPU.Deploy.0 = Release|Any CPU
		{237F6F9F-9F2F-4D4B-BC66-8E6D884CC796}.Debug|Any CPU.ActiveCfg = Debug|Any CPU
		{237F6F9F-9F2F-4D4B-BC66-8E6D884CC796}.Debug|Any CPU.Build.0 = Debug|Any CPU
		{237F6F9F-9F2F-4D4B-BC66-8E6D884CC796}.Release|Any CPU.ActiveCfg = Release|Any CPU
		{237F6F9F-9F2F-4D4B-BC66-8E6D884CC796}.Release|Any CPU.Build.0 = Release|Any CPU
		{2DB7497B-ADA7-4D3D-A7AD-4ABC8C43ED08}.Debug|Any CPU.ActiveCfg = Debug|Any CPU
		{2DB7497B-ADA7-4D3D-A7AD-4ABC8C43ED08}.Debug|Any CPU.Build.0 = Debug|Any CPU
		{2DB7497B-ADA7-4D3D-A7AD-4ABC8C43ED08}.Release|Any CPU.ActiveCfg = Release|Any CPU
		{2DB7497B-ADA7-4D3D-A7AD-4ABC8C43ED08}.Release|Any CPU.Build.0 = Release|Any CPU
	EndGlobalSection
	GlobalSection(SolutionProperties) = preSolution
		HideSolutionNode = FALSE
	EndGlobalSection
	GlobalSection(ExtensibilityGlobals) = postSolution
		SolutionGuid = {392A9396-7A0E-437E-84A9-6328CDD75F92}
	EndGlobalSection
EndGlobal
